
Microsoft Visual Studio Solution File, Format Version 12.00
# Visual Studio Version 17
VisualStudioVersion = 17.14.36603.0
MinimumVisualStudioVersion = 10.0.40219.1
Project("{FAE04EC0-301F-11D3-BF4B-00C04F79EFBC}") = "EfCore.TamperEvident", "EfCore.TamperEvident\EfCore.TamperEvident.csproj", "{319C7912-5705-4C82-B376-6E6DB2E7B49D}"
EndProject
Project("{FAE04EC0-301F-11D3-BF4B-00C04F79EFBC}") = "EfCore.TamperEvident.Tests", "EfCore.TamperEvident.Tests\EfCore.TamperEvident.Tests.csproj", "{361EE610-373B-4E99-A242-301150C4CA73}"
EndProject
Global
	GlobalSection(SolutionConfigurationPlatforms) = preSolution
		Debug|Any CPU = Debug|Any CPU
		Debug|x64 = Debug|x64
		Debug|x86 = Debug|x86
		Release|Any CPU = Release|Any CPU
		Release|x64 = Release|x64
		Release|x86 = Release|x86
	EndGlobalSection
	GlobalSection(ProjectConfigurationPlatforms) = postSolution
		{319C7912-5705-4C82-B376-6E6DB2E7B49D}.Debug|Any CPU.ActiveCfg = Debug|Any CPU
		{319C7912-5705-4C82-B376-6E6DB2E7B49D}.Debug|Any CPU.Build.0 = Debug|Any CPU
		{319C7912-5705-4C82-B376-6E6DB2E7B49D}.Debug|x64.ActiveCfg = Debug|Any CPU
		{319C7912-5705-4C82-B376-6E6DB2E7B49D}.Debug|x64.Build.0 = Debug|Any CPU
		{319C7912-5705-4C82-B376-6E6DB2E7B49D}.Debug|x86.ActiveCfg = Debug|Any CPU
		{319C7912-5705-4C82-B376-6E6DB2E7B49D}.Debug|x86.Build.0 = Debug|Any CPU
		{319C7912-5705-4C82-B376-6E6DB2E7B49D}.Release|Any CPU.ActiveCfg = Release|Any CPU
		{319C7912-5705-4C82-B376-6E6DB2E7B49D}.Release|Any CPU.Build.0 = Release|Any CPU
		{319C7912-5705-4C82-B376-6E6DB2E7B49D}.Release|x64.ActiveCfg = Release|Any CPU
		{319C7912-5705-4C82-B376-6E6DB2E7B49D}.Release|x64.Build.0 = Release|Any CPU
		{319C7912-5705-4C82-B376-6E6DB2E7B49D}.Release|x86.ActiveCfg = Release|Any CPU
		{319C7912-5705-4C82-B376-6E6DB2E7B49D}.Release|x86.Build.0 = Release|Any CPU
		{361EE610-373B-4E99-A242-301150C4CA73}.Debug|Any CPU.ActiveCfg = Debug|Any CPU
		{361EE610-373B-4E99-A242-301150C4CA73}.Debug|Any CPU.Build.0 = Debug|Any CPU
		{361EE610-373B-4E99-A242-301150C4CA73}.Debug|x64.ActiveCfg = Debug|Any CPU
		{361EE610-373B-4E99-A242-301150C4CA73}.Debug|x64.Build.0 = Debug|Any CPU
		{361EE610-373B-4E99-A242-301150C4CA73}.Debug|x86.ActiveCfg = Debug|Any CPU
		{361EE610-373B-4E99-A242-301150C4CA73}.Debug|x86.Build.0 = Debug|Any CPU
		{361EE610-373B-4E99-A242-301150C4CA73}.Release|Any CPU.ActiveCfg = Release|Any CPU
		{361EE610-373B-4E99-A242-301150C4CA73}.Release|Any CPU.Build.0 = Release|Any CPU
		{361EE610-373B-4E99-A242-301150C4CA73}.Release|x64.ActiveCfg = Release|Any CPU
		{361EE610-373B-4E99-A242-301150C4CA73}.Release|x64.Build.0 = Release|Any CPU
		{361EE610-373B-4E99-A242-301150C4CA73}.Release|x86.ActiveCfg = Release|Any CPU
		{361EE610-373B-4E99-A242-301150C4CA73}.Release|x86.Build.0 = Release|Any CPU
	EndGlobalSection
	GlobalSection(SolutionProperties) = preSolution
		HideSolutionNode = FALSE
	EndGlobalSection
	GlobalSection(ExtensibilityGlobals) = postSolution
		SolutionGuid = {4A787B59-385D-458C-85E5-9779BFFC6C6F}
	EndGlobalSection
EndGlobal
